{
  "originHash" : "9c75d7a269c9217475df3bfe3988ed0c0108d94629ad56be9ed51d81d2db574d",
  "pins" : [
    {
      "identity" : "swift-argument-parser",
      "kind" : "remoteSourceControl",
      "location" : "https://github.com/apple/swift-argument-parser",
      "state" : {
        "revision" : "6a52f3251125d74daf04fcbd5e6f08a75d074382",
        "version" : "1.8.2"
      }
    },
    {
      "identity" : "swift-hamvoip",
      "kind" : "remoteSourceControl",
      "location" : "https://github.com/cpmpercussion/swift-hamvoip",
      "state" : {
        "revision" : "e16eec9f06f43285a11dc071fc9ec5c811a1653f",
        "version" : "0.6.0"
      }
    },
    {
      "identity" : "weebill",
      "kind" : "remoteSourceControl",
      "location" : "https://github.com/cpmpercussion/weebill",
      "state" : {
        "revision" : "cf5eea79852d732a53b8b195d0aacc6bebce27f8",
        "version" : "0.1.0"
      }
    }
  ],
  "version" : 3
}
